
Microsoft Visual Studio Solution File, Format Version 12.00
# Visual Studio Version 16
VisualStudioVersion = 16.0.30413.136
MinimumVisualStudioVersion = 10.0.40219.1
Project("{FAE04EC0-301F-11D3-BF4B-00C04F79EFBC}") = "ProgramozasiTetelekForm", "ProgramozasiTetelekForm\ProgramozasiTetelekForm.csproj", "{F57CE0BA-56F9-460B-BEC9-22CEF2EFBC29}"
EndProject
Global
	GlobalSection(SolutionConfigurationPlatforms) = preSolution
		Debug|Any CPU = Debug|Any CPU
		Release|Any CPU = Release|Any CPU
	EndGlobalSection
	GlobalSection(ProjectConfigurationPlatforms) = postSolution
		{F57CE0BA-56F9-460B-BEC9-22CEF2EFBC29}.Debug|Any CPU.ActiveCfg = Debug|Any CPU
		{F57CE0BA-56F9-460B-BEC9-22CEF2EFBC29}.Debug|Any CPU.Build.0 = Debug|Any CPU
		{F57CE0BA-56F9-460B-BEC9-22CEF2EFBC29}.Release|Any CPU.ActiveCfg = Release|Any CPU
		{F57CE0BA-56F9-460B-BEC9-22CEF2EFBC29}.Release|Any CPU.Build.0 = Release|Any CPU
	EndGlobalSection
	GlobalSection(SolutionProperties) = preSolution
		HideSolutionNode = FALSE
	EndGlobalSection
	GlobalSection(ExtensibilityGlobals) = postSolution
		SolutionGuid = {321DA580-CB3E-4CC0-B0D4-1F11F358508E}
	EndGlobalSection
EndGlobal
